// !$*UTF8*$!
{
	archiveVersion = 1;
	classes = {
	};
	objectVersion = 55;
	objects = {

/* Begin PBXBuildFile section */
		F8771925272FC9AE00B2D6EC /* AppDelegate.swift in Sources */ = {isa = PBXBuildFile; fileRef = F8771924272FC9AE00B2D6EC /* AppDelegate.swift */; };
		F8771927272FC9AE00B2D6EC /* SceneDelegate.swift in Sources */ = {isa = PBXBuildFile; fileRef = F8771926272FC9AE00B2D6EC /* SceneDelegate.swift */; };
		F8771929272FC9AE00B2D6EC /* ViewController.swift in Sources */ = {isa = PBXBuildFile; fileRef = F8771928272FC9AE00B2D6EC /* ViewController.swift */; };
		F877192C272FC9AE00B2D6EC /* Main.storyboard in Resources */ = {isa = PBXBuildFile; fileRef = F877192A272FC9AE00B2D6EC /* Main.storyboard */; };
		F877192E272FC9B100B2D6EC /* Assets.xcassets in Resources */ = {isa = PBXBuildFile; fileRef = F877192D272FC9B100B2D6EC /* Assets.xcassets */; };
		F8771931272FC9B100B2D6EC /* LaunchScreen.storyboard in Resources */ = {isa = PBXBuildFile; fileRef = F877192F272FC9B100B2D6EC /* LaunchScreen.storyboard */; };
		F877193C272FC9B100B2D6EC /* Lab16Tests.swift in Sources */ = {isa = PBXBuildFile; fileRef = F877193B272FC9B100B2D6EC /* Lab16Tests.swift */; };
		F8771946272FC9B100B2D6EC /* Lab16UITests.swift in Sources */ = {isa = PBXBuildFile; fileRef = F8771945272FC9B100B2D6EC /* Lab16UITests.swift */; };
		F8771948272FC9B100B2D6EC /* Lab16UITestsLaunchTests.swift in Sources */ = {isa = PBXBuildFile; fileRef = F8771947272FC9B100B2D6EC /* Lab16UITestsLaunchTests.swift */; };
		F8771955272FCD6500B2D6EC /* View controller Tow.swift in Sources */ = {isa = PBXBuildFile; fileRef = F8771954272FCD6500B2D6EC /* View controller Tow.swift */; };
		F8771957272FCE5600B2D6EC /* View Controller Three.swift in Sources */ = {isa = PBXBuildFile; fileRef = F8771956272FCE5600B2D6EC /* View Controller Three.swift */; };
/* End PBXBuildFile section */

/* Begin PBXContainerItemProxy section */
		F8771938272FC9B100B2D6EC /* PBXContainerItemProxy */ = {
			isa = PBXContainerItemProxy;
			containerPortal = F8771919272FC9AE00B2D6EC /* Project object */;
			proxyType = 1;
			remoteGlobalIDString = F8771920272FC9AE00B2D6EC;
			remoteInfo = Lab16;
		};
		F8771942272FC9B100B2D6EC /* PBXContainerItemProxy */ = {
			isa = PBXContainerItemProxy;
			containerPortal = F8771919272FC9AE00B2D6EC /* Project object */;
			proxyType = 1;
			remoteGlobalIDString = F8771920272FC9AE00B2D6EC;
			remoteInfo = Lab16;
		};
/* End PBXContainerItemProxy section */

/* Begin PBXFileReference section */
		F8771921272FC9AE00B2D6EC /* Lab16.app */ = {isa = PBXFileReference; explicitFileType = wrapper.application; includeInIndex = 0; path = Lab16.app; sourceTree = BUILT_PRODUCTS_DIR; };
		F8771924272FC9AE00B2D6EC /* AppDelegate.swift */ = {isa = PBXFileReference; lastKnownFileType = sourcecode.swift; path = AppDelegate.swift; sourceTree = "<group>"; };
		F8771926272FC9AE00B2D6EC /* SceneDelegate.swift */ = {isa = PBXFileReference; lastKnownFileType = sourcecode.swift; path = SceneDelegate.swift; sourceTree = "<group>"; };
		F8771928272FC9AE00B2D6EC /* ViewController.swift */ = {isa = PBXFileReference; lastKnownFileType = sourcecode.swift; path = ViewController.swift; sourceTree = "<group>"; };
		F877192B272FC9AE00B2D6EC /* Base */ = {isa = PBXFileReference; lastKnownFileType = file.storyboard; name = Base; path = Base.lproj/Main.storyboard; sourceTree = "<group>"; };
		F877192D272FC9B100B2D6EC /* Assets.xcassets */ = {isa = PBXFileReference; lastKnownFileType = folder.assetcatalog; path = Assets.xcassets; sourceTree = "<group>"; };
		F8771930272FC9B100B2D6EC /* Base */ = {isa = PBXFileReference; lastKnownFileType = file.storyboard; name = Base; path = Base.lproj/LaunchScreen.storyboard; sourceTree = "<group>"; };
		F8771932272FC9B100B2D6EC /* Info.plist */ = {isa = PBXFileReference; lastKnownFileType = text.plist.xml; path = Info.plist; sourceTree = "<group>"; };
		F8771937272FC9B100B2D6EC /* Lab16Tests.xctest */ = {isa = PBXFileReference; explicitFileType = wrapper.cfbundle; includeInIndex = 0; path = Lab16Tests.xctest; sourceTree = BUILT_PRODUCTS_DIR; };
		F877193B272FC9B100B2D6EC /* Lab16Tests.swift */ = {isa = PBXFileReference; lastKnownFileType = sourcecode.swift; path = Lab16Tests.swift; sourceTree = "<group>"; };
		F8771941272FC9B100B2D6EC /* Lab16UITests.xctest */ = {isa = PBXFileReference; explicitFileType = wrapper.cfbundle; includeInIndex = 0; path = Lab16UITests.xctest; sourceTree = BUILT_PRODUCTS_DIR; };
		F8771945272FC9B100B2D6EC /* Lab16UITests.swift */ = {isa = PBXFileReference; lastKnownFileType = sourcecode.swift; path = Lab16UITests.swift; sourceTree = "<group>"; };
		F8771947272FC9B100B2D6EC /* Lab16UITestsLaunchTests.swift */ = {isa = PBXFileReference; lastKnownFileType = sourcecode.swift; path = Lab16UITestsLaunchTests.swift; sourceTree = "<group>"; };
		F8771954272FCD6500B2D6EC /* View controller Tow.swift */ = {isa = PBXFileReference; lastKnownFileType = sourcecode.swift; path = "View controller Tow.swift"; sourceTree = "<group>"; };
		F8771956272FCE5600B2D6EC /* View Controller Three.swift */ = {isa = PBXFileReference; lastKnownFileType = sourcecode.swift; path = "View Controller Three.swift"; sourceTree = "<group>"; };
/* End PBXFileReference section */

/* Begin PBXFrameworksBuildPhase section */
		F877191E272FC9AE00B2D6EC /* Frameworks */ = {
			isa = PBXFrameworksBuildPhase;
			buildActionMask = 2147483647;
			files = (
			);
			runOnlyForDeploymentPostprocessing = 0;
		};
		F8771934272FC9B100B2D6EC /* Frameworks */ = {
			isa = PBXFrameworksBuildPhase;
			buildActionMask = 2147483647;
			files = (
			);
			runOnlyForDeploymentPostprocessing = 0;
		};
		F877193E272FC9B100B2D6EC /* Frameworks */ = {
			isa = PBXFrameworksBuildPhase;
			buildActionMask = 2147483647;
			files = (
			);
			runOnlyForDeploymentPostprocessing = 0;
		};
/* End PBXFrameworksBuildPhase section */

/* Begin PBXGroup section */
		F8771918272FC9AE00B2D6EC = {
			isa = PBXGroup;
			children = (
				F8771923272FC9AE00B2D6EC /* Lab16 */,
				F877193A272FC9B100B2D6EC /* Lab16Tests */,
				F8771944272FC9B100B2D6EC /* Lab16UITests */,
				F8771922272FC9AE00B2D6EC /* Products */,
			);
			sourceTree = "<group>";
		};
		F8771922272FC9AE00B2D6EC /* Products */ = {
			isa = PBXGroup;
			children = (
				F8771921272FC9AE00B2D6EC /* Lab16.app */,
				F8771937272FC9B100B2D6EC /* Lab16Tests.xctest */,
				F8771941272FC9B100B2D6EC /* Lab16UITests.xctest */,
			);
			name = Products;
			sourceTree = "<group>";
		};
		F8771923272FC9AE00B2D6EC /* Lab16 */ = {
			isa = PBXGroup;
			children = (
				F8771924272FC9AE00B2D6EC /* AppDelegate.swift */,
				F8771926272FC9AE00B2D6EC /* SceneDelegate.swift */,
				F8771928272FC9AE00B2D6EC /* ViewController.swift */,
				F877192A272FC9AE00B2D6EC /* Main.storyboard */,
				F8771954272FCD6500B2D6EC /* View controller Tow.swift */,
				F8771956272FCE5600B2D6EC /* View Controller Three.swift */,
				F877192D272FC9B100B2D6EC /* Assets.xcassets */,
				F877192F272FC9B100B2D6EC /* LaunchScreen.storyboard */,
				F8771932272FC9B100B2D6EC /* Info.plist */,
			);
			path = Lab16;
			sourceTree = "<group>";
		};
		F877193A272FC9B100B2D6EC /* Lab16Tests */ = {
			isa = PBXGroup;
			children = (
				F877193B272FC9B100B2D6EC /* Lab16Tests.swift */,
			);
			path = Lab16Tests;
			sourceTree = "<group>";
		};
		F8771944272FC9B100B2D6EC /* Lab16UITests */ = {
			isa = PBXGroup;
			children = (
				F8771945272FC9B100B2D6EC /* Lab16UITests.swift */,
				F8771947272FC9B100B2D6EC /* Lab16UITestsLaunchTests.swift */,
			);
			path = Lab16UITests;
			sourceTree = "<group>";
		};
/* End PBXGroup section */

/* Begin PBXNativeTarget section */
		F8771920272FC9AE00B2D6EC /* Lab16 */ = {
			isa = PBXNativeTarget;
			buildConfigurationList = F877194B272FC9B100B2D6EC /* Build configuration list for PBXNativeTarget "Lab16" */;
			buildPhases = (
				F877191D272FC9AE00B2D6EC /* Sources */,
				F877191E272FC9AE00B2D6EC /* Frameworks */,
				F877191F272FC9AE00B2D6EC /* Resources */,
			);
			buildRules = (
			);
			dependencies = (
			);
			name = Lab16;
			productName = Lab16;
			productReference = F8771921272FC9AE00B2D6EC /* Lab16.app */;
			productType = "com.apple.product-type.application";
		};
		F8771936272FC9B100B2D6EC /* Lab16Tests */ = {
			isa = PBXNativeTarget;
			buildConfigurationList = F877194E272FC9B100B2D6EC /* Build configuration list for PBXNativeTarget "Lab16Tests" */;
			buildPhases = (
				F8771933272FC9B100B2D6EC /* Sources */,
				F8771934272FC9B100B2D6EC /* Frameworks */,
				F8771935272FC9B100B2D6EC /* Resources */,
			);
			buildRules = (
			);
			dependencies = (
				F8771939272FC9B100B2D6EC /* PBXTargetDependency */,
			);
			name = Lab16Tests;
			productName = Lab16Tests;
			productReference = F8771937272FC9B100B2D6EC /* Lab16Tests.xctest */;
			productType = "com.apple.product-type.bundle.unit-test";
		};
		F8771940272FC9B100B2D6EC /* Lab16UITests */ = {
			isa = PBXNativeTarget;
			buildConfigurationList = F8771951272FC9B100B2D6EC /* Build configuration list for PBXNativeTarget "Lab16UITests" */;
			buildPhases = (
				F877193D272FC9B100B2D6EC /* Sources */,
				F877193E272FC9B100B2D6EC /* Frameworks */,
				F877193F272FC9B100B2D6EC /* Resources */,
			);
			buildRules = (
			);
			dependencies = (
				F8771943272FC9B100B2D6EC /* PBXTargetDependency */,
			);
			name = Lab16UITests;
			productName = Lab16UITests;
			productReference = F8771941272FC9B100B2D6EC /* Lab16UITests.xctest */;
			productType = "com.apple.product-type.bundle.ui-testing";
		};
/* End PBXNativeTarget section */

/* Begin PBXProject section */
		F8771919272FC9AE00B2D6EC /* Project object */ = {
			isa = PBXProject;
			attributes = {
				BuildIndependentTargetsInParallel = 1;
				LastSwiftUpdateCheck = 1300;
				LastUpgradeCheck = 1300;
				TargetAttributes = {
					F8771920272FC9AE00B2D6EC = {
						CreatedOnToolsVersion = 13.0;
					};
					F8771936272FC9B100B2D6EC = {
						CreatedOnToolsVersion = 13.0;
						TestTargetID = F8771920272FC9AE00B2D6EC;
					};
					F8771940272FC9B100B2D6EC = {
						CreatedOnToolsVersion = 13.0;
						TestTargetID = F8771920272FC9AE00B2D6EC;
					};
				};
			};
			buildConfigurationList = F877191C272FC9AE00B2D6EC /* Build configuration list for PBXProject "Lab16" */;
			compatibilityVersion = "Xcode 13.0";
			developmentRegion = en;
			hasScannedForEncodings = 0;
			knownRegions = (
				en,
				Base,
			);
			mainGroup = F8771918272FC9AE00B2D6EC;
			productRefGroup = F8771922272FC9AE00B2D6EC /* Products */;
			projectDirPath = "";
			projectRoot = "";
			targets = (
				F8771920272FC9AE00B2D6EC /* Lab16 */,
				F8771936272FC9B100B2D6EC /* Lab16Tests */,
				F8771940272FC9B100B2D6EC /* Lab16UITests */,
			);
		};
/* End PBXProject section */

/* Begin PBXResourcesBuildPhase section */
		F877191F272FC9AE00B2D6EC /* Resources */ = {
			isa = PBXResourcesBuildPhase;
			buildActionMask = 2147483647;
			files = (
				F8771931272FC9B100B2D6EC /* LaunchScreen.storyboard in Resources */,
				F877192E272FC9B100B2D6EC /* Assets.xcassets in Resources */,
				F877192C272FC9AE00B2D6EC /* Main.storyboard in Resources */,
			);
			runOnlyForDeploymentPostprocessing = 0;
		};
		F8771935272FC9B100B2D6EC /* Resources */ = {
			isa = PBXResourcesBuildPhase;
			buildActionMask = 2147483647;
			files = (
			);
			runOnlyForDeploymentPostprocessing = 0;
		};
		F877193F272FC9B100B2D6EC /* Resources */ = {
			isa = PBXResourcesBuildPhase;
			buildActionMask = 2147483647;
			files = (
			);
			runOnlyForDeploymentPostprocessing = 0;
		};
/* End PBXResourcesBuildPhase section */

/* Begin PBXSourcesBuildPhase section */
		F877191D272FC9AE00B2D6EC /* Sources */ = {
			isa = PBXSourcesBuildPhase;
			buildActionMask = 2147483647;
			files = (
				F8771929272FC9AE00B2D6EC /* ViewController.swift in Sources */,
				F8771955272FCD6500B2D6EC /* View controller Tow.swift in Sources */,
				F8771925272FC9AE00B2D6EC /* AppDelegate.swift in Sources */,
				F8771927272FC9AE00B2D6EC /* SceneDelegate.swift in Sources */,
				F8771957272FCE5600B2D6EC /* View Controller Three.swift in Sources */,
			);
			runOnlyForDeploymentPostprocessing = 0;
		};
		F8771933272FC9B100B2D6EC /* Sources */ = {
			isa = PBXSourcesBuildPhase;
			buildActionMask = 2147483647;
			files = (
				F877193C272FC9B100B2D6EC /* Lab16Tests.swift in Sources */,
			);
			runOnlyForDeploymentPostprocessing = 0;
		};
		F877193D272FC9B100B2D6EC /* Sources */ = {
			isa = PBXSourcesBuildPhase;
			buildActionMask = 2147483647;
			files = (
				F8771946272FC9B100B2D6EC /* Lab16UITests.swift in Sources */,
				F8771948272FC9B100B2D6EC /* Lab16UITestsLaunchTests.swift in Sources */,
			);
			runOnlyForDeploymentPostprocessing = 0;
		};
/* End PBXSourcesBuildPhase section */

/* Begin PBXTargetDependency section */
		F8771939272FC9B100B2D6EC /* PBXTargetDependency */ = {
			isa = PBXTargetDependency;
			target = F8771920272FC9AE00B2D6EC /* Lab16 */;
			targetProxy = F8771938272FC9B100B2D6EC /* PBXContainerItemProxy */;
		};
		F8771943272FC9B100B2D6EC /* PBXTargetDependency */ = {
			isa = PBXTargetDependency;
			target = F8771920272FC9AE00B2D6EC /* Lab16 */;
			targetProxy = F8771942272FC9B100B2D6EC /* PBXContainerItemProxy */;
		};
/* End PBXTargetDependency section */

/* Begin PBXVariantGroup section */
		F877192A272FC9AE00B2D6EC /* Main.storyboard */ = {
			isa = PBXVariantGroup;
			children = (
				F877192B272FC9AE00B2D6EC /* Base */,
			);
			name = Main.storyboard;
			sourceTree = "<group>";
		};
		F877192F272FC9B100B2D6EC /* LaunchScreen.storyboard */ = {
			isa = PBXVariantGroup;
			children = (
				F8771930272FC9B100B2D6EC /* Base */,
			);
			name = LaunchScreen.storyboard;
			sourceTree = "<group>";
		};
/* End PBXVariantGroup section */

/* Begin XCBuildConfiguration section */
		F8771949272FC9B100B2D6EC /* Debug */ = {
			isa = XCBuildConfiguration;
			buildSettings = {
				ALWAYS_SEARCH_USER_PATHS = NO;
				CLANG_ANALYZER_NONNULL = YES;
				CLANG_ANALYZER_NUMBER_OBJECT_CONVERSION = YES_AGGRESSIVE;
				CLANG_CXX_LANGUAGE_STANDARD = "gnu++17";
				CLANG_CXX_LIBRARY = "libc++";
				CLANG_ENABLE_MODULES = YES;
				CLANG_ENABLE_OBJC_ARC = YES;
				CLANG_ENABLE_OBJC_WEAK = YES;
				CLANG_WARN_BLOCK_CAPTURE_AUTORELEASING = YES;
				CLANG_WARN_BOOL_CONVERSION = YES;
				CLANG_WARN_COMMA = YES;
				CLANG_WARN_CONSTANT_CONVERSION = YES;
				CLANG_WARN_DEPRECATED_OBJC_IMPLEMENTATIONS = YES;
				CLANG_WARN_DIRECT_OBJC_ISA_USAGE = YES_ERROR;
				CLANG_WARN_DOCUMENTATION_COMMENTS = YES;
				CLANG_WARN_EMPTY_BODY = YES;
				CLANG_WARN_ENUM_CONVERSION = YES;
				CLANG_WARN_INFINITE_RECURSION = YES;
				CLANG_WARN_INT_CONVERSION = YES;
				CLANG_WARN_NON_LITERAL_NULL_CONVERSION = YES;
				CLANG_WARN_OBJC_IMPLICIT_RETAIN_SELF = YES;
				CLANG_WARN_OBJC_LITERAL_CONVERSION = YES;
				CLANG_WARN_OBJC_ROOT_CLASS = YES_ERROR;
				CLANG_WARN_QUOTED_INCLUDE_IN_FRAMEWORK_HEADER = YES;
				CLANG_WARN_RANGE_LOOP_ANALYSIS = YES;
				CLANG_WARN_STRICT_PROTOTYPES = YES;
				CLANG_WARN_SUSPICIOUS_MOVE = YES;
				CLANG_WARN_UNGUARDED_AVAILABILITY = YES_AGGRESSIVE;
				CLANG_WARN_UNREACHABLE_CODE = YES;
				CLANG_WARN__DUPLICATE_METHOD_MATCH = YES;
				COPY_PHASE_STRIP = NO;
				DEBUG_INFORMATION_FORMAT = dwarf;
				ENABLE_STRICT_OBJC_MSGSEND = YES;
				ENABLE_TESTABILITY = YES;
				GCC_C_LANGUAGE_STANDARD = gnu11;
				GCC_DYNAMIC_NO_PIC = NO;
				GCC_NO_COMMON_BLOCKS = YES;
				GCC_OPTIMIZATION_LEVEL = 0;
				GCC_PREPROCESSOR_DEFINITIONS = (
					"DEBUG=1",
					"$(inherited)",
				);
				GCC_WARN_64_TO_32_BIT_CONVERSION = YES;
				GCC_WARN_ABOUT_RETURN_TYPE = YES_ERROR;
				GCC_WARN_UNDECLARED_SELECTOR = YES;
				GCC_WARN_UNINITIALIZED_AUTOS = YES_AGGRESSIVE;
				GCC_WARN_UNUSED_FUNCTION = YES;
				GCC_WARN_UNUSED_VARIABLE = YES;
				IPHONEOS_DEPLOYMENT_TARGET = 15.0;
				MTL_ENABLE_DEBUG_INFO = INCLUDE_SOURCE;
				MTL_FAST_MATH = YES;
				ONLY_ACTIVE_ARCH = YES;
				SDKROOT = iphoneos;
				SWIFT_ACTIVE_COMPILATION_CONDITIONS = DEBUG;
				SWIFT_OPTIMIZATION_LEVEL = "-Onone";
			};
			name = Debug;
		};
		F877194A272FC9B100B2D6EC /* Release */ = {
			isa = XCBuildConfiguration;
			buildSettings = {
				ALWAYS_SEARCH_USER_PATHS = NO;
				CLANG_ANALYZER_NONNULL = YES;
				CLANG_ANALYZER_NUMBER_OBJECT_CONVERSION = YES_AGGRESSIVE;
				CLANG_CXX_LANGUAGE_STANDARD = "gnu++17";
				CLANG_CXX_LIBRARY = "libc++";
				CLANG_ENABLE_MODULES = YES;
				CLANG_ENABLE_OBJC_ARC = YES;
				CLANG_ENABLE_OBJC_WEAK = YES;
				CLANG_WARN_BLOCK_CAPTURE_AUTORELEASING = YES;
				CLANG_WARN_BOOL_CONVERSION = YES;
				CLANG_WARN_COMMA = YES;
				CLANG_WARN_CONSTANT_CONVERSION = YES;
				CLANG_WARN_DEPRECATED_OBJC_IMPLEMENTATIONS = YES;
				CLANG_WARN_DIRECT_OBJC_ISA_USAGE = YES_ERROR;
				CLANG_WARN_DOCUMENTATION_COMMENTS = YES;
				CLANG_WARN_EMPTY_BODY = YES;
				CLANG_WARN_ENUM_CONVERSION = YES;
				CLANG_WARN_INFINITE_RECURSION = YES;
				CLANG_WARN_INT_CONVERSION = YES;
				CLANG_WARN_NON_LITERAL_NULL_CONVERSION = YES;
				CLANG_WARN_OBJC_IMPLICIT_RETAIN_SELF = YES;
				CLANG_WARN_OBJC_LITERAL_CONVERSION = YES;
				CLANG_WARN_OBJC_ROOT_CLASS = YES_ERROR;
				CLANG_WARN_QUOTED_INCLUDE_IN_FRAMEWORK_HEADER = YES;
				CLANG_WARN_RANGE_LOOP_ANALYSIS = YES;
				CLANG_WARN_STRICT_PROTOTYPES = YES;
				CLANG_WARN_SUSPICIOUS_MOVE = YES;
				CLANG_WARN_UNGUARDED_AVAILABILITY = YES_AGGRESSIVE;
				CLANG_WARN_UNREACHABLE_CODE = YES;
				CLANG_WARN__DUPLICATE_METHOD_MATCH = YES;
				COPY_PHASE_STRIP = NO;
				DEBUG_INFORMATION_FORMAT = "dwarf-with-dsym";
				ENABLE_NS_ASSERTIONS = NO;
				ENABLE_STRICT_OBJC_MSGSEND = YES;
				GCC_C_LANGUAGE_STANDARD = gnu11;
				GCC_NO_COMMON_BLOCKS = YES;
				GCC_WARN_64_TO_32_BIT_CONVERSION = YES;
				GCC_WARN_ABOUT_RETURN_TYPE = YES_ERROR;
				GCC_WARN_UNDECLARED_SELECTOR = YES;
				GCC_WARN_UNINITIALIZED_AUTOS = YES_AGGRESSIVE;
				GCC_WARN_UNUSED_FUNCTION = YES;
				GCC_WARN_UNUSED_VARIABLE = YES;
				IPHONEOS_DEPLOYMENT_TARGET = 15.0;
				MTL_ENABLE_DEBUG_INFO = NO;
				MTL_FAST_MATH = YES;
				SDKROOT = iphoneos;
				SWIFT_COMPILATION_MODE = wholemodule;
				SWIFT_OPTIMIZATION_LEVEL = "-O";
				VALIDATE_PRODUCT = YES;
			};
			name = Release;
		};
		F877194C272FC9B100B2D6EC /* Debug */ = {
			isa = XCBuildConfiguration;
			buildSettings = {
				ASSETCATALOG_COMPILER_APPICON_NAME = AppIcon;
				ASSETCATALOG_COMPILER_GLOBAL_ACCENT_COLOR_NAME = AccentColor;
				CODE_SIGN_STYLE = Automatic;
				CURRENT_PROJECT_VERSION = 1;
				GENERATE_INFOPLIST_FILE = YES;
				INFOPLIST_FILE = Lab16/Info.plist;
				INFOPLIST_KEY_UIApplicationSupportsIndirectInputEvents = YES;
				INFOPLIST_KEY_UILaunchStoryboardName = LaunchScreen;
				INFOPLIST_KEY_UIMainStoryboardFile = Main;
				INFOPLIST_KEY_UISupportedInterfaceOrientations_iPad = "UIInterfaceOrientationPortrait UIInterfaceOrientationPortraitUpsideDown UIInterfaceOrientationLandscapeLeft UIInterfaceOrientationLandscapeRight";
				INFOPLIST_KEY_UISupportedInterfaceOrientations_iPhone = "UIInterfaceOrientationPortrait UIInterfaceOrientationLandscapeLeft UIInterfaceOrientationLandscapeRight";
				LD_RUNPATH_SEARCH_PATHS = (
					"$(inherited)",
					"@executable_path/Frameworks",
				);
				MARKETING_VERSION = 1.0;
				PRODUCT_BUNDLE_IDENTIFIER = Zhoor.com.Lab16;
				PRODUCT_NAME = "$(TARGET_NAME)";
				SWIFT_EMIT_LOC_STRINGS = YES;
				SWIFT_VERSION = 5.0;
				TARGETED_DEVICE_FAMILY = "1,2";
			};
			name = Debug;
		};
		F877194D272FC9B100B2D6EC /* Release */ = {
			isa = XCBuildConfiguration;
			buildSettings = {
				ASSETCATALOG_COMPILER_APPICON_NAME = AppIcon;
				ASSETCATALOG_COMPILER_GLOBAL_ACCENT_COLOR_NAME = AccentColor;
				CODE_SIGN_STYLE = Automatic;
				CURRENT_PROJECT_VERSION = 1;
				GENERATE_INFOPLIST_FILE = YES;
				INFOPLIST_FILE = Lab16/Info.plist;
				INFOPLIST_KEY_UIApplicationSupportsIndirectInputEvents = YES;
				INFOPLIST_KEY_UILaunchStoryboardName = LaunchScreen;
				INFOPLIST_KEY_UIMainStoryboardFile = Main;
				INFOPLIST_KEY_UISupportedInterfaceOrientations_iPad = "UIInterfaceOrientationPortrait UIInterfaceOrientationPortraitUpsideDown UIInterfaceOrientationLandscapeLeft UIInterfaceOrientationLandscapeRight";
				INFOPLIST_KEY_UISupportedInterfaceOrientations_iPhone = "UIInterfaceOrientationPortrait UIInterfaceOrientationLandscapeLeft UIInterfaceOrientationLandscapeRight";
				LD_RUNPATH_SEARCH_PATHS = (
					"$(inherited)",
					"@executable_path/Frameworks",
				);
				MARKETING_VERSION = 1.0;
				PRODUCT_BUNDLE_IDENTIFIER = Zhoor.com.Lab16;
				PRODUCT_NAME = "$(TARGET_NAME)";
				SWIFT_EMIT_LOC_STRINGS = YES;
				SWIFT_VERSION = 5.0;
				TARGETED_DEVICE_FAMILY = "1,2";
			};
			name = Release;
		};
		F877194F272FC9B100B2D6EC /* Debug */ = {
			isa = XCBuildConfiguration;
			buildSettings = {
				ALWAYS_EMBED_SWIFT_STANDARD_LIBRARIES = YES;
				BUNDLE_LOADER = "$(TEST_HOST)";
				CODE_SIGN_STYLE = Automatic;
				CURRENT_PROJECT_VERSION = 1;
				GENERATE_INFOPLIST_FILE = YES;
				IPHONEOS_DEPLOYMENT_TARGET = 15.0;
				LD_RUNPATH_SEARCH_PATHS = (
					"$(inherited)",
					"@executable_path/Frameworks",
					"@loader_path/Frameworks",
				);
				MARKETING_VERSION = 1.0;
				PRODUCT_BUNDLE_IDENTIFIER = Zhoor.com.Lab16Tests;
				PRODUCT_NAME = "$(TARGET_NAME)";
				SWIFT_EMIT_LOC_STRINGS = NO;
				SWIFT_VERSION = 5.0;
				TARGETED_DEVICE_FAMILY = "1,2";
				TEST_HOST = "$(BUILT_PRODUCTS_DIR)/Lab16.app/Lab16";
			};
			name = Debug;
		};
		F8771950272FC9B100B2D6EC /* Release */ = {
			isa = XCBuildConfiguration;
			buildSettings = {
				ALWAYS_EMBED_SWIFT_STANDARD_LIBRARIES = YES;
				BUNDLE_LOADER = "$(TEST_HOST)";
				CODE_SIGN_STYLE = Automatic;
				CURRENT_PROJECT_VERSION = 1;
				GENERATE_INFOPLIST_FILE = YES;
				IPHONEOS_DEPLOYMENT_TARGET = 15.0;
				LD_RUNPATH_SEARCH_PATHS = (
					"$(inherited)",
					"@executable_path/Frameworks",
					"@loader_path/Frameworks",
				);
				MARKETING_VERSION = 1.0;
				PRODUCT_BUNDLE_IDENTIFIER = Zhoor.com.Lab16Tests;
				PRODUCT_NAME = "$(TARGET_NAME)";
				SWIFT_EMIT_LOC_STRINGS = NO;
				SWIFT_VERSION = 5.0;
				TARGETED_DEVICE_FAMILY = "1,2";
				TEST_HOST = "$(BUILT_PRODUCTS_DIR)/Lab16.app/Lab16";
			};
			name = Release;
		};
		F8771952272FC9B100B2D6EC /* Debug */ = {
			isa = XCBuildConfiguration;
			buildSettings = {
				ALWAYS_EMBED_SWIFT_STANDARD_LIBRARIES = YES;
				CODE_SIGN_STYLE = Automatic;
				CURRENT_PROJECT_VERSION = 1;
				GENERATE_INFOPLIST_FILE = YES;
				LD_RUNPATH_SEARCH_PATHS = (
					"$(inherited)",
					"@executable_path/Frameworks",
					"@loader_path/Frameworks",
				);
				MARKETING_VERSION = 1.0;
				PRODUCT_BUNDLE_IDENTIFIER = Zhoor.com.Lab16UITests;
				PRODUCT_NAME = "$(TARGET_NAME)";
				SWIFT_EMIT_LOC_STRINGS = NO;
				SWIFT_VERSION = 5.0;
				TARGETED_DEVICE_FAMILY = "1,2";
				TEST_TARGET_NAME = Lab16;
			};
			name = Debug;
		};
		F8771953272FC9B100B2D6EC /* Release */ = {
			isa = XCBuildConfiguration;
			buildSettings = {
				ALWAYS_EMBED_SWIFT_STANDARD_LIBRARIES = YES;
				CODE_SIGN_STYLE = Automatic;
				CURRENT_PROJECT_VERSION = 1;
				GENERATE_INFOPLIST_FILE = YES;
				LD_RUNPATH_SEARCH_PATHS = (
					"$(inherited)",
					"@executable_path/Frameworks",
					"@loader_path/Frameworks",
				);
				MARKETING_VERSION = 1.0;
				PRODUCT_BUNDLE_IDENTIFIER = Zhoor.com.Lab16UITests;
				PRODUCT_NAME = "$(TARGET_NAME)";
				SWIFT_EMIT_LOC_STRINGS = NO;
				SWIFT_VERSION = 5.0;
				TARGETED_DEVICE_FAMILY = "1,2";
				TEST_TARGET_NAME = Lab16;
			};
			name = Release;
		};
/* End XCBuildConfiguration section */

/* Begin XCConfigurationList section */
		F877191C272FC9AE00B2D6EC /* Build configuration list for PBXProject "Lab16" */ = {
			isa = XCConfigurationList;
			buildConfigurations = (
				F8771949272FC9B100B2D6EC /* Debug */,
				F877194A272FC9B100B2D6EC /* Release */,
			);
			defaultConfigurationIsVisible = 0;
			defaultConfigurationName = Release;
		};
		F877194B272FC9B100B2D6EC /* Build configuration list for PBXNativeTarget "Lab16" */ = {
			isa = XCConfigurationList;
			buildConfigurations = (
				F877194C272FC9B100B2D6EC /* Debug */,
				F877194D272FC9B100B2D6EC /* Release */,
			);
			defaultConfigurationIsVisible = 0;
			defaultConfigurationName = Release;
		};
		F877194E272FC9B100B2D6EC /* Build configuration list for PBXNativeTarget "Lab16Tests" */ = {
			isa = XCConfigurationList;
			buildConfigurations = (
				F877194F272FC9B100B2D6EC /* Debug */,
				F8771950272FC9B100B2D6EC /* Release */,
			);
			defaultConfigurationIsVisible = 0;
			defaultConfigurationName = Release;
		};
		F8771951272FC9B100B2D6EC /* Build configuration list for PBXNativeTarget "Lab16UITests" */ = {
			isa = XCConfigurationList;
			buildConfigurations = (
				F8771952272FC9B100B2D6EC /* Debug */,
				F8771953272FC9B100B2D6EC /* Release */,
			);
			defaultConfigurationIsVisible = 0;
			defaultConfigurationName = Release;
		};
/* End XCConfigurationList section */
	};
	rootObject = F8771919272FC9AE00B2D6EC /* Project object */;
}
